
Microsoft Visual Studio Solution File, Format Version 12.00
# Visual Studio 14
VisualStudioVersion = 14.0.25123.0
MinimumVisualStudioVersion = 10.0.40219.1
Project("{FAE04EC0-301F-11D3-BF4B-00C04F79EFBC}") = "ConcurrentUserTest1", "ConcurrentUserTest1\ConcurrentUserTest1.csproj", "{752EB6DE-EFEA-4590-91EE-41C75DF857D2}"
EndProject
Project("{FAE04EC0-301F-11D3-BF4B-00C04F79EFBC}") = "ConcurrentUserTest1Tests", "ConcurrentUserTest1Tests\ConcurrentUserTest1Tests.csproj", "{9E1B5BD4-FB88-40E2-AD66-FDAE41008BB1}"
EndProject
Global
	GlobalSection(SolutionConfigurationPlatforms) = preSolution
		Debug|Any CPU = Debug|Any CPU
		Release|Any CPU = Release|Any CPU
	EndGlobalSection
	GlobalSection(ProjectConfigurationPlatforms) = postSolution
		{752EB6DE-EFEA-4590-91EE-41C75DF857D2}.Debug|Any CPU.ActiveCfg = Debug|Any CPU
		{752EB6DE-EFEA-4590-91EE-41C75DF857D2}.Debug|Any CPU.Build.0 = Debug|Any CPU
		{752EB6DE-EFEA-4590-91EE-41C75DF857D2}.Release|Any CPU.ActiveCfg = Release|Any CPU
		{752EB6DE-EFEA-4590-91EE-41C75DF857D2}.Release|Any CPU.Build.0 = Release|Any CPU
		{9E1B5BD4-FB88-40E2-AD66-FDAE41008BB1}.Debug|Any CPU.ActiveCfg = Debug|Any CPU
		{9E1B5BD4-FB88-40E2-AD66-FDAE41008BB1}.Debug|Any CPU.Build.0 = Debug|Any CPU
		{9E1B5BD4-FB88-40E2-AD66-FDAE41008BB1}.Release|Any CPU.ActiveCfg = Release|Any CPU
		{9E1B5BD4-FB88-40E2-AD66-FDAE41008BB1}.Release|Any CPU.Build.0 = Release|Any CPU
	EndGlobalSection
	GlobalSection(SolutionProperties) = preSolution
		HideSolutionNode = FALSE
	EndGlobalSection
EndGlobal
